
Microsoft Visual Studio Solution File, Format Version 12.00
# Visual Studio Version 17
VisualStudioVersion = 17.1.32407.343
MinimumVisualStudioVersion = 10.0.40219.1
Project("{FAE04EC0-301F-11D3-BF4B-00C04F79EFBC}") = "CLASE_1_COMPUTACION_Cietifica_ClaseVector", "CLASE_1_COMPUTACION_Cietifica_ClaseVector\CLASE_1_COMPUTACION_Cietifica_ClaseVector.csproj", "{AA792C09-D6A4-46B5-A4B9-331CC2A058D2}"
EndProject
Global
	GlobalSection(SolutionConfigurationPlatforms) = preSolution
		Debug|Any CPU = Debug|Any CPU
		Release|Any CPU = Release|Any CPU
	EndGlobalSection
	GlobalSection(ProjectConfigurationPlatforms) = postSolution
		{AA792C09-D6A4-46B5-A4B9-331CC2A058D2}.Debug|Any CPU.ActiveCfg = Debug|Any CPU
		{AA792C09-D6A4-46B5-A4B9-331CC2A058D2}.Debug|Any CPU.Build.0 = Debug|Any CPU
		{AA792C09-D6A4-46B5-A4B9-331CC2A058D2}.Release|Any CPU.ActiveCfg = Release|Any CPU
		{AA792C09-D6A4-46B5-A4B9-331CC2A058D2}.Release|Any CPU.Build.0 = Release|Any CPU
	EndGlobalSection
	GlobalSection(SolutionProperties) = preSolution
		HideSolutionNode = FALSE
	EndGlobalSection
	GlobalSection(ExtensibilityGlobals) = postSolution
		SolutionGuid = {CF5747E7-DAFF-46E3-A3F6-17B52BE39364}
	EndGlobalSection
EndGlobal
